
Microsoft Visual Studio Solution File, Format Version 12.00
# Visual Studio Version 16
VisualStudioVersion = 16.0.28803.202
MinimumVisualStudioVersion = 10.0.40219.1
Project("{9A19103F-16F7-4668-BE54-9A1E7A4F7556}") = "Bazirano", "Bazirano\Bazirano.csproj", "{3206FAC1-846E-4789-9A7D-FCB8C151C11D}"
EndProject
Project("{9A19103F-16F7-4668-BE54-9A1E7A4F7556}") = "Bazirano.Tests", "Bazirano.Tests\Bazirano.Tests.csproj", "{1A3E3C49-3B45-40C2-9A30-8EE1EB14979F}"
EndProject
Project("{9A19103F-16F7-4668-BE54-9A1E7A4F7556}") = "Bazirano.Library", "Bazirano.Library\Bazirano.Library.csproj", "{F3273A2A-B5F3-4626-A329-EEC5D033E401}"
EndProject
Project("{9A19103F-16F7-4668-BE54-9A1E7A4F7556}") = "Bazirano.Aggregator", "Bazirano.Aggregator\Bazirano.Aggregator.csproj", "{9931DFF8-C07B-4FB4-AB88-98D6F1130F1B}"
EndProject
Global
	GlobalSection(SolutionConfigurationPlatforms) = preSolution
		Debug|Any CPU = Debug|Any CPU
		Release|Any CPU = Release|Any CPU
	EndGlobalSection
	GlobalSection(ProjectConfigurationPlatforms) = postSolution
		{3206FAC1-846E-4789-9A7D-FCB8C151C11D}.Debug|Any CPU.ActiveCfg = Debug|Any CPU
		{3206FAC1-846E-4789-9A7D-FCB8C151C11D}.Debug|Any CPU.Build.0 = Debug|Any CPU
		{3206FAC1-846E-4789-9A7D-FCB8C151C11D}.Release|Any CPU.ActiveCfg = Release|Any CPU
		{3206FAC1-846E-4789-9A7D-FCB8C151C11D}.Release|Any CPU.Build.0 = Release|Any CPU
		{1A3E3C49-3B45-40C2-9A30-8EE1EB14979F}.Debug|Any CPU.ActiveCfg = Debug|Any CPU
		{1A3E3C49-3B45-40C2-9A30-8EE1EB14979F}.Debug|Any CPU.Build.0 = Debug|Any CPU
		{1A3E3C49-3B45-40C2-9A30-8EE1EB14979F}.Release|Any CPU.ActiveCfg = Release|Any CPU
		{1A3E3C49-3B45-40C2-9A30-8EE1EB14979F}.Release|Any CPU.Build.0 = Release|Any CPU
		{F3273A2A-B5F3-4626-A329-EEC5D033E401}.Debug|Any CPU.ActiveCfg = Debug|Any CPU
		{F3273A2A-B5F3-4626-A329-EEC5D033E401}.Debug|Any CPU.Build.0 = Debug|Any CPU
		{F3273A2A-B5F3-4626-A329-EEC5D033E401}.Release|Any CPU.ActiveCfg = Release|Any CPU
		{F3273A2A-B5F3-4626-A329-EEC5D033E401}.Release|Any CPU.Build.0 = Release|Any CPU
		{9931DFF8-C07B-4FB4-AB88-98D6F1130F1B}.Debug|Any CPU.ActiveCfg = Debug|Any CPU
		{9931DFF8-C07B-4FB4-AB88-98D6F1130F1B}.Debug|Any CPU.Build.0 = Debug|Any CPU
		{9931DFF8-C07B-4FB4-AB88-98D6F1130F1B}.Release|Any CPU.ActiveCfg = Release|Any CPU
		{9931DFF8-C07B-4FB4-AB88-98D6F1130F1B}.Release|Any CPU.Build.0 = Release|Any CPU
	EndGlobalSection
	GlobalSection(SolutionProperties) = preSolution
		HideSolutionNode = FALSE
	EndGlobalSection
	GlobalSection(ExtensibilityGlobals) = postSolution
		SolutionGuid = {A41DA660-55A2-42CF-B59B-A4CF3C657999}
	EndGlobalSection
EndGlobal
